
Microsoft Visual Studio Solution File, Format Version 12.00
# Visual Studio Version 16
VisualStudioVersion = 16.0.30413.136
MinimumVisualStudioVersion = 10.0.40219.1
Project("{FAE04EC0-301F-11D3-BF4B-00C04F79EFBC}") = "LinQHomeWork", "LinQHomeWork\LinQHomeWork.csproj", "{AC678ABC-0EFB-433D-ABBC-FAC4A7B9661D}"
EndProject
Global
	GlobalSection(SolutionConfigurationPlatforms) = preSolution
		Debug|Any CPU = Debug|Any CPU
		Release|Any CPU = Release|Any CPU
	EndGlobalSection
	GlobalSection(ProjectConfigurationPlatforms) = postSolution
		{AC678ABC-0EFB-433D-ABBC-FAC4A7B9661D}.Debug|Any CPU.ActiveCfg = Debug|Any CPU
		{AC678ABC-0EFB-433D-ABBC-FAC4A7B9661D}.Debug|Any CPU.Build.0 = Debug|Any CPU
		{AC678ABC-0EFB-433D-ABBC-FAC4A7B9661D}.Release|Any CPU.ActiveCfg = Release|Any CPU
		{AC678ABC-0EFB-433D-ABBC-FAC4A7B9661D}.Release|Any CPU.Build.0 = Release|Any CPU
	EndGlobalSection
	GlobalSection(SolutionProperties) = preSolution
		HideSolutionNode = FALSE
	EndGlobalSection
	GlobalSection(ExtensibilityGlobals) = postSolution
		SolutionGuid = {B64E4840-A39A-4A3C-8507-255153F394DE}
	EndGlobalSection
EndGlobal
